
Microsoft Visual Studio Solution File, Format Version 12.00
# Visual Studio Version 17
VisualStudioVersion = 17.0.32002.185
MinimumVisualStudioVersion = 10.0.40219.1
Project("{FAE04EC0-301F-11D3-BF4B-00C04F79EFBC}") = "DB ir API", "DB ir API\DB ir API.csproj", "{EFEDD01E-275F-479D-B01C-907548DD70AF}"
EndProject
Global
	GlobalSection(SolutionConfigurationPlatforms) = preSolution
		Debug|Any CPU = Debug|Any CPU
		Release|Any CPU = Release|Any CPU
	EndGlobalSection
	GlobalSection(ProjectConfigurationPlatforms) = postSolution
		{EFEDD01E-275F-479D-B01C-907548DD70AF}.Debug|Any CPU.ActiveCfg = Debug|Any CPU
		{EFEDD01E-275F-479D-B01C-907548DD70AF}.Debug|Any CPU.Build.0 = Debug|Any CPU
		{EFEDD01E-275F-479D-B01C-907548DD70AF}.Release|Any CPU.ActiveCfg = Release|Any CPU
		{EFEDD01E-275F-479D-B01C-907548DD70AF}.Release|Any CPU.Build.0 = Release|Any CPU
	EndGlobalSection
	GlobalSection(SolutionProperties) = preSolution
		HideSolutionNode = FALSE
	EndGlobalSection
	GlobalSection(ExtensibilityGlobals) = postSolution
		SolutionGuid = {FECF3E0D-CDD5-488B-B3AB-CC7B77CA279F}
	EndGlobalSection
EndGlobal
